{
  "name": "nuxt-seomatic-meta",
  "version": "0.2.2",
  "lockfileVersion": 1,
  "requires": true,
  "dependencies": {
    "@babel/runtime": {
      "version": "7.20.6",
      "resolved": "https://registry.npmjs.org/@babel/runtime/-/runtime-7.20.6.tgz",
      "integrity": "sha512-Q+8MqP7TiHMWzSfwiJwXCjyf4GYA4Dgw3emg/7xmwsdLJOZUp+nMqcOwOzzYheuM1rhDu8FSj2l0aoMygEuXuA==",
      "requires": {
        "regenerator-runtime": "^0.13.11"
      }
    },
    "@nuxtjs/axios": {
      "version": "5.13.6",
      "resolved": "https://registry.npmjs.org/@nuxtjs/axios/-/axios-5.13.6.tgz",
      "integrity": "sha512-XS+pOE0xsDODs1zAIbo95A0LKlilvJi8YW0NoXYuq3/jjxGgWDxizZ6Yx0AIIjZOoGsXJOPc0/BcnSEUQ2mFBA==",
      "requires": {
        "@nuxtjs/proxy": "^2.1.0",
        "axios": "^0.21.1",
        "axios-retry": "^3.1.9",
        "consola": "^2.15.3",
        "defu": "^5.0.0"
      },
      "dependencies": {
        "consola": {
          "version": "2.15.3",
          "resolved": "https://registry.npmjs.org/consola/-/consola-2.15.3.tgz",
          "integrity": "sha512-9vAdYbHj6x2fLKC4+oPH0kFzY/orMZyG2Aj+kNylHxKGJ/Ed4dpNyAQYwJOdqO4zdM7XpVHmyejQDcQHrnuXbw=="
        }
      }
    },
    "@nuxtjs/proxy": {
      "version": "2.1.0",
      "resolved": "https://registry.npmjs.org/@nuxtjs/proxy/-/proxy-2.1.0.tgz",
      "integrity": "sha512-/qtoeqXgZ4Mg6LRg/gDUZQrFpOlOdHrol/vQYMnKu3aN3bP90UfOUB3QSDghUUK7OISAJ0xp8Ld78aHyCTcKCQ==",
      "requires": {
        "http-proxy-middleware": "^1.0.6"
      }
    },
    "@types/http-proxy": {
      "version": "1.17.9",
      "resolved": "https://registry.npmjs.org/@types/http-proxy/-/http-proxy-1.17.9.tgz",
      "integrity": "sha512-QsbSjA/fSk7xB+UXlCT3wHBy5ai9wOcNDWwZAtud+jXhwOM3l+EYZh8Lng4+/6n8uar0J7xILzqftJdJ/Wdfkw==",
      "requires": {
        "@types/node": "*"
      }
    },
    "@types/node": {
      "version": "18.11.10",
      "resolved": "https://registry.npmjs.org/@types/node/-/node-18.11.10.tgz",
      "integrity": "sha512-juG3RWMBOqcOuXC643OAdSA525V44cVgGV6dUDuiFtss+8Fk5x1hI93Rsld43VeJVIeqlP9I7Fn9/qaVqoEAuQ=="
    },
    "axios": {
      "version": "0.21.4",
      "resolved": "https://registry.npmjs.org/axios/-/axios-0.21.4.tgz",
      "integrity": "sha512-ut5vewkiu8jjGBdqpM44XxjuCjq9LAKeHVmoVfHVzy8eHgxxq8SbAVQNovDA8mVi05kP0Ea/n/UzcSHcTJQfNg==",
      "requires": {
        "follow-redirects": "^1.14.0"
      }
    },
    "axios-retry": {
      "version": "3.3.1",
      "resolved": "https://registry.npmjs.org/axios-retry/-/axios-retry-3.3.1.tgz",
      "integrity": "sha512-RohAUQTDxBSWLFEnoIG/6bvmy8l3TfpkclgStjl5MDCMBDgapAWCmr1r/9harQfWC8bzLC8job6UcL1A1Yc+/Q==",
      "requires": {
        "@babel/runtime": "^7.15.4",
        "is-retry-allowed": "^2.2.0"
      }
    },
    "braces": {
      "version": "3.0.2",
      "resolved": "https://registry.npmjs.org/braces/-/braces-3.0.2.tgz",
      "integrity": "sha512-b8um+L1RzM3WDSzvhm6gIz1yfTbBt6YTlcEKAvsmqCZZFw46z626lVj9j1yEPW33H5H+lBQpZMP1k8l+78Ha0A==",
      "requires": {
        "fill-range": "^7.0.1"
      }
    },
    "consola": {
      "version": "2.11.3",
      "resolved": "https://registry.npmjs.org/consola/-/consola-2.11.3.tgz",
      "integrity": "sha512-aoW0YIIAmeftGR8GSpw6CGQluNdkWMWh3yEFjH/hmynTYnMtibXszii3lxCXmk8YxJtI3FAK5aTiquA5VH68Gw=="
    },
    "defu": {
      "version": "5.0.1",
      "resolved": "https://registry.npmjs.org/defu/-/defu-5.0.1.tgz",
      "integrity": "sha512-EPS1carKg+dkEVy3qNTqIdp2qV7mUP08nIsupfwQpz++slCVRw7qbQyWvSTig+kFPwz2XXp5/kIIkH+CwrJKkQ=="
    },
    "eventemitter3": {
      "version": "4.0.7",
      "resolved": "https://registry.npmjs.org/eventemitter3/-/eventemitter3-4.0.7.tgz",
      "integrity": "sha512-8guHBZCwKnFhYdHr2ysuRWErTwhoN2X8XELRlrRwpmfeY2jjuUN4taQMsULKUVo1K4DvZl+0pgfyoysHxvmvEw=="
    },
    "fill-range": {
      "version": "7.0.1",
      "resolved": "https://registry.npmjs.org/fill-range/-/fill-range-7.0.1.tgz",
      "integrity": "sha512-qOo9F+dMUmC2Lcb4BbVvnKJxTPjCm+RRpe4gDuGrzkL7mEVl/djYSu2OdQ2Pa302N4oqkSg9ir6jaLWJ2USVpQ==",
      "requires": {
        "to-regex-range": "^5.0.1"
      }
    },
    "follow-redirects": {
      "version": "1.15.2",
      "resolved": "https://registry.npmjs.org/follow-redirects/-/follow-redirects-1.15.2.tgz",
      "integrity": "sha512-VQLG33o04KaQ8uYi2tVNbdrWp1QWxNNea+nmIB4EVM28v0hmP17z7aG1+wAkNzVq4KeXTq3221ye5qTJP91JwA=="
    },
    "http-proxy": {
      "version": "1.18.1",
      "resolved": "https://registry.npmjs.org/http-proxy/-/http-proxy-1.18.1.tgz",
      "integrity": "sha512-7mz/721AbnJwIVbnaSv1Cz3Am0ZLT/UBwkC92VlxhXv/k/BBQfM2fXElQNC27BVGr0uwUpplYPQM9LnaBMR5NQ==",
      "requires": {
        "eventemitter3": "^4.0.0",
        "follow-redirects": "^1.0.0",
        "requires-port": "^1.0.0"
      }
    },
    "http-proxy-middleware": {
      "version": "1.3.1",
      "resolved": "https://registry.npmjs.org/http-proxy-middleware/-/http-proxy-middleware-1.3.1.tgz",
      "integrity": "sha512-13eVVDYS4z79w7f1+NPllJtOQFx/FdUW4btIvVRMaRlUY9VGstAbo5MOhLEuUgZFRHn3x50ufn25zkj/boZnEg==",
      "requires": {
        "@types/http-proxy": "^1.17.5",
        "http-proxy": "^1.18.1",
        "is-glob": "^4.0.1",
        "is-plain-obj": "^3.0.0",
        "micromatch": "^4.0.2"
      }
    },
    "is-extglob": {
      "version": "2.1.1",
      "resolved": "https://registry.npmjs.org/is-extglob/-/is-extglob-2.1.1.tgz",
      "integrity": "sha512-SbKbANkN603Vi4jEZv49LeVJMn4yGwsbzZworEoyEiutsN3nJYdbO36zfhGJ6QEDpOZIFkDtnq5JRxmvl3jsoQ=="
    },
    "is-glob": {
      "version": "4.0.3",
      "resolved": "https://registry.npmjs.org/is-glob/-/is-glob-4.0.3.tgz",
      "integrity": "sha512-xelSayHH36ZgE7ZWhli7pW34hNbNl8Ojv5KVmkJD4hBdD3th8Tfk9vYasLM+mXWOZhFkgZfxhLSnrwRr4elSSg==",
      "requires": {
        "is-extglob": "^2.1.1"
      }
    },
    "is-number": {
      "version": "7.0.0",
      "resolved": "https://registry.npmjs.org/is-number/-/is-number-7.0.0.tgz",
      "integrity": "sha512-41Cifkg6e8TylSpdtTpeLVMqvSBEVzTttHvERD741+pnZ8ANv0004MRL43QKPDlK9cGvNp6NZWZUBlbGXYxxng=="
    },
    "is-plain-obj": {
      "version": "3.0.0",
      "resolved": "https://registry.npmjs.org/is-plain-obj/-/is-plain-obj-3.0.0.tgz",
      "integrity": "sha512-gwsOE28k+23GP1B6vFl1oVh/WOzmawBrKwo5Ev6wMKzPkaXaCDIQKzLnvsA42DRlbVTWorkgTKIviAKCWkfUwA=="
    },
    "is-retry-allowed": {
      "version": "2.2.0",
      "resolved": "https://registry.npmjs.org/is-retry-allowed/-/is-retry-allowed-2.2.0.tgz",
      "integrity": "sha512-XVm7LOeLpTW4jV19QSH38vkswxoLud8sQ57YwJVTPWdiaI9I8keEhGFpBlslyVsgdQy4Opg8QOLb8YRgsyZiQg=="
    },
    "micromatch": {
      "version": "4.0.5",
      "resolved": "https://registry.npmjs.org/micromatch/-/micromatch-4.0.5.tgz",
      "integrity": "sha512-DMy+ERcEW2q8Z2Po+WNXuw3c5YaUSFjAO5GsJqfEl7UjvtIuFKO6ZrKvcItdy98dwFI2N1tg3zNIdKaQT+aNdA==",
      "requires": {
        "braces": "^3.0.2",
        "picomatch": "^2.3.1"
      }
    },
    "picomatch": {
      "version": "2.3.1",
      "resolved": "https://registry.npmjs.org/picomatch/-/picomatch-2.3.1.tgz",
      "integrity": "sha512-JU3teHTNjmE2VCGFzuY8EXzCDVwEqB2a8fsIvwaStHhAWJEeVd1o1QD80CU6+ZdEXXSLbSsuLwJjkCBWqRQUVA=="
    },
    "regenerator-runtime": {
      "version": "0.13.11",
      "resolved": "https://registry.npmjs.org/regenerator-runtime/-/regenerator-runtime-0.13.11.tgz",
      "integrity": "sha512-kY1AZVr2Ra+t+piVaJ4gxaFaReZVH40AKNo7UCX6W+dEwBo/2oZJzqfuN1qLq1oL45o56cPaTXELwrTh8Fpggg=="
    },
    "requires-port": {
      "version": "1.0.0",
      "resolved": "https://registry.npmjs.org/requires-port/-/requires-port-1.0.0.tgz",
      "integrity": "sha512-KigOCHcocU3XODJxsu8i/j8T9tzT4adHiecwORRQ0ZZFcp7ahwXuRU1m+yuO90C5ZUyGeGfocHDI14M3L3yDAQ=="
    },
    "to-regex-range": {
      "version": "5.0.1",
      "resolved": "https://registry.npmjs.org/to-regex-range/-/to-regex-range-5.0.1.tgz",
      "integrity": "sha512-65P7iz6X5yEr1cwcgvQxbbIw7Uk3gOy5dIdtZ4rDveLqhrdJP+Li/Hx6tyK0NEb+2GCyneCMJiGqrADCSNk8sQ==",
      "requires": {
        "is-number": "^7.0.0"
      }
    }
  }
}
